{
  "version": 4,
  "terraform_version": "1.13.5",
  "serial": 30,
  "lineage": "28354c7d-1190-fef2-c113-652fab4a4202",
  "outputs": {
    "public_ip_address": {
      "value": "52.252.199.85",
      "type": "string"
    }
  },
  "resources": [
    {
      "mode": "managed",
      "type": "azurerm_linux_virtual_machine",
      "name": "vm",
      "provider": "provider[\"registry.terraform.io/hashicorp/azurerm\"]",
      "instances": [
        {
          "schema_version": 0,
          "attributes": {
            "additional_capabilities": [],
            "admin_password": null,
            "admin_ssh_key": [
              {
                "public_key": "ssh-rsa AAAAB3NzaC1yc2EAAAADAQABAAACAQDFMh/ug6sCt817Tw3/9EHz9KePtZc62HJvtwdWH3xC3Gt/cUF2MUkO7fvrVEkGznX1DRopAkBmZycWbkK5SWsmAArnFQKJ8s8/yN4grxYWJX5dqvnUUIhmEcs87OC0kovatwVrfN5LHZWVKL+GRJnU79cxTHrl/OIbOEkswH/58BhqjPCf3GdF5Fzl0mQRRvFERHvasn+K6ug3vzrIbbsviQkmDomY2pgwlS+mtoN1QsMB6UGXv6FxbLNYGm5qDOA4KnN+XyNoHW2B2984G3RybrFNPb8ouU8cEzVD4uHhbU/DR8A2qN58D2/L9VZ4J3Oq8r0dmQ7b2BKkHXigmsps7cAlVhIZXvEbS0rfnj3f2df6Tn6M8GA/HzaoGH9fPxhf4FgOWgWIVfIIspDAyC6M/iF/oFsL52X36xeObfVBjZu3usVVrOjJ1753U2FkjhU2SLIxSL/FvVXE6TfIg5VUzcgf0VU6gFEMywQOfprPZakVRcKrfqR/bpnUUZNHNraMcnPzCn5F8TRNFZVHl01qObqp2kPLp6MJcrdvo9r1xj/6vuCqJxXecsl3a0y6C11Pqm80CALItPlWqh3e/P0ibyoPmZe5VJ6J1pn1YAUt/noP5PeOsQLS1I8TUv7S2WRN++WfU9plFMCxD4bl96CQ6AoqtU4qNEgCtnMtllu1ZQ== vboxuser@ubunto\n",
                "username": "azureuser"
              }
            ],
            "admin_username": "azureuser",
            "allow_extension_operations": true,
            "availability_set_id": "",
            "boot_diagnostics": [],
            "bypass_platform_safety_checks_on_user_schedule_enabled": false,
            "capacity_reservation_group_id": "",
            "computer_name": "vm-pratica",
            "custom_data": null,
            "dedicated_host_group_id": "",
            "dedicated_host_id": "",
            "disable_password_authentication": true,
            "disk_controller_type": "SCSI",
            "edge_zone": "",
            "encryption_at_host_enabled": false,
            "eviction_policy": "",
            "extensions_time_budget": "PT1H30M",
            "gallery_application": [],
            "id": "/subscriptions/349e8c7d-8d0f-4cbc-a6d1-e1b07f539ffd/resourceGroups/trabalho-iac/providers/Microsoft.Compute/virtualMachines/vm-pratica",
            "identity": [],
            "license_type": "",
            "location": "northcentralus",
            "max_bid_price": -1,
            "name": "vm-pratica",
            "network_interface_ids": [
              "/subscriptions/349e8c7d-8d0f-4cbc-a6d1-e1b07f539ffd/resourceGroups/trabalho-iac/providers/Microsoft.Network/networkInterfaces/nic-pratica-vm"
            ],
            "os_disk": [
              {
                "caching": "ReadWrite",
                "diff_disk_settings": [],
                "disk_encryption_set_id": "",
                "disk_size_gb": 30,
                "name": "vm-pratica_OsDisk_1_2707c67d61a5491c95f3c39c3e619b92",
                "secure_vm_disk_encryption_set_id": "",
                "security_encryption_type": "",
                "storage_account_type": "Standard_LRS",
                "write_accelerator_enabled": false
              }
            ],
            "os_image_notification": [],
            "patch_assessment_mode": "ImageDefault",
            "patch_mode": "ImageDefault",
            "plan": [],
            "platform_fault_domain": -1,
            "priority": "Regular",
            "private_ip_address": "10.0.1.4",
            "private_ip_addresses": [
              "10.0.1.4"
            ],
            "provision_vm_agent": true,
            "proximity_placement_group_id": "",
            "public_ip_address": "52.252.199.85",
            "public_ip_addresses": [
              "52.252.199.85"
            ],
            "reboot_setting": "",
            "resource_group_name": "trabalho-iac",
            "secret": [],
            "secure_boot_enabled": false,
            "size": "Standard_B2s",
            "source_image_id": "",
            "source_image_reference": [
              {
                "offer": "0001-com-ubuntu-server-jammy",
                "publisher": "Canonical",
                "sku": "22_04-lts-gen2",
                "version": "latest"
              }
            ],
            "tags": null,
            "termination_notification": null,
            "timeouts": null,
            "user_data": "",
            "virtual_machine_id": "6dd5b451-6e80-4d75-bd92-730292319549",
            "virtual_machine_scale_set_id": "",
            "vm_agent_platform_updates_enabled": false,
            "vtpm_enabled": false,
            "zone": ""
          },
          "sensitive_attributes": [
            [
              {
                "type": "get_attr",
                "value": "admin_password"
              }
            ],
            [
              {
                "type": "get_attr",
                "value": "custom_data"
              }
            ]
          ],
          "identity_schema_version": 0,
          "private": "eyJlMmJmYjczMC1lY2FhLTExZTYtOGY4OC0zNDM2M2JjN2M0YzAiOnsiY3JlYXRlIjoyNzAwMDAwMDAwMDAwLCJkZWxldGUiOjI3MDAwMDAwMDAwMDAsInJlYWQiOjMwMDAwMDAwMDAwMCwidXBkYXRlIjoyNzAwMDAwMDAwMDAwfX0=",
          "dependencies": [
            "azurerm_network_interface.nic",
            "azurerm_public_ip.pip",
            "azurerm_subnet.subnet",
            "azurerm_virtual_network.vnet"
          ]
        }
      ]
    },
    {
      "mode": "managed",
      "type": "azurerm_network_interface",
      "name": "nic",
      "provider": "provider[\"registry.terraform.io/hashicorp/azurerm\"]",
      "instances": [
        {
          "schema_version": 0,
          "attributes": {
            "accelerated_networking_enabled": false,
            "applied_dns_servers": [],
            "auxiliary_mode": "",
            "auxiliary_sku": "",
            "dns_servers": [],
            "edge_zone": "",
            "enable_accelerated_networking": false,
            "enable_ip_forwarding": false,
            "id": "/subscriptions/349e8c7d-8d0f-4cbc-a6d1-e1b07f539ffd/resourceGroups/trabalho-iac/providers/Microsoft.Network/networkInterfaces/nic-pratica-vm",
            "internal_dns_name_label": "",
            "internal_domain_name_suffix": "ihfszxsp1eeehb2ryrrethzpqh.ex.internal.cloudapp.net",
            "ip_configuration": [
              {
                "gateway_load_balancer_frontend_ip_configuration_id": "",
                "name": "ipconfig1",
                "primary": true,
                "private_ip_address": "10.0.1.4",
                "private_ip_address_allocation": "Dynamic",
                "private_ip_address_version": "IPv4",
                "public_ip_address_id": "/subscriptions/349e8c7d-8d0f-4cbc-a6d1-e1b07f539ffd/resourceGroups/trabalho-iac/providers/Microsoft.Network/publicIPAddresses/pip-pratica-vm",
                "subnet_id": "/subscriptions/349e8c7d-8d0f-4cbc-a6d1-e1b07f539ffd/resourceGroups/trabalho-iac/providers/Microsoft.Network/virtualNetworks/vnet-pratica/subnets/subnet-pratica"
              }
            ],
            "ip_forwarding_enabled": false,
            "location": "northcentralus",
            "mac_address": "",
            "name": "nic-pratica-vm",
            "private_ip_address": "10.0.1.4",
            "private_ip_addresses": [
              "10.0.1.4"
            ],
            "resource_group_name": "trabalho-iac",
            "tags": null,
            "timeouts": null,
            "virtual_machine_id": ""
          },
          "sensitive_attributes": [],
          "identity_schema_version": 0,
          "private": "eyJlMmJmYjczMC1lY2FhLTExZTYtOGY4OC0zNDM2M2JjN2M0YzAiOnsiY3JlYXRlIjoxODAwMDAwMDAwMDAwLCJkZWxldGUiOjE4MDAwMDAwMDAwMDAsInJlYWQiOjMwMDAwMDAwMDAwMCwidXBkYXRlIjoxODAwMDAwMDAwMDAwfX0=",
          "dependencies": [
            "azurerm_public_ip.pip",
            "azurerm_subnet.subnet",
            "azurerm_virtual_network.vnet"
          ]
        }
      ]
    },
    {
      "mode": "managed",
      "type": "azurerm_network_interface_security_group_association",
      "name": "nsg_assoc",
      "provider": "provider[\"registry.terraform.io/hashicorp/azurerm\"]",
      "instances": [
        {
          "schema_version": 0,
          "attributes": {
            "id": "/subscriptions/349e8c7d-8d0f-4cbc-a6d1-e1b07f539ffd/resourceGroups/trabalho-iac/providers/Microsoft.Network/networkInterfaces/nic-pratica-vm|/subscriptions/349e8c7d-8d0f-4cbc-a6d1-e1b07f539ffd/resourceGroups/trabalho-iac/providers/Microsoft.Network/networkSecurityGroups/nsg-pratica",
            "network_interface_id": "/subscriptions/349e8c7d-8d0f-4cbc-a6d1-e1b07f539ffd/resourceGroups/trabalho-iac/providers/Microsoft.Network/networkInterfaces/nic-pratica-vm",
            "network_security_group_id": "/subscriptions/349e8c7d-8d0f-4cbc-a6d1-e1b07f539ffd/resourceGroups/trabalho-iac/providers/Microsoft.Network/networkSecurityGroups/nsg-pratica",
            "timeouts": null
          },
          "sensitive_attributes": [],
          "identity_schema_version": 0,
          "private": "eyJlMmJmYjczMC1lY2FhLTExZTYtOGY4OC0zNDM2M2JjN2M0YzAiOnsiY3JlYXRlIjoxODAwMDAwMDAwMDAwLCJkZWxldGUiOjE4MDAwMDAwMDAwMDAsInJlYWQiOjMwMDAwMDAwMDAwMH19",
          "dependencies": [
            "azurerm_network_interface.nic",
            "azurerm_network_security_group.nsg",
            "azurerm_public_ip.pip",
            "azurerm_subnet.subnet",
            "azurerm_virtual_network.vnet"
          ]
        }
      ]
    },
    {
      "mode": "managed",
      "type": "azurerm_network_security_group",
      "name": "nsg",
      "provider": "provider[\"registry.terraform.io/hashicorp/azurerm\"]",
      "instances": [
        {
          "schema_version": 0,
          "attributes": {
            "id": "/subscriptions/349e8c7d-8d0f-4cbc-a6d1-e1b07f539ffd/resourceGroups/trabalho-iac/providers/Microsoft.Network/networkSecurityGroups/nsg-pratica",
            "location": "northcentralus",
            "name": "nsg-pratica",
            "resource_group_name": "trabalho-iac",
            "security_rule": [
              {
                "access": "Allow",
                "description": "",
                "destination_address_prefix": "*",
                "destination_address_prefixes": [],
                "destination_application_security_group_ids": [],
                "destination_port_range": "22",
                "destination_port_ranges": [],
                "direction": "Inbound",
                "name": "AllowSSH",
                "priority": 100,
                "protocol": "Tcp",
                "source_address_prefix": "*",
                "source_address_prefixes": [],
                "source_application_security_group_ids": [],
                "source_port_range": "*",
                "source_port_ranges": []
              },
              {
                "access": "Allow",
                "description": "",
                "destination_address_prefix": "*",
                "destination_address_prefixes": [],
                "destination_application_security_group_ids": [],
                "destination_port_range": "80",
                "destination_port_ranges": [],
                "direction": "Inbound",
                "name": "AllowHTTP",
                "priority": 200,
                "protocol": "Tcp",
                "source_address_prefix": "*",
                "source_address_prefixes": [],
                "source_application_security_group_ids": [],
                "source_port_range": "*",
                "source_port_ranges": []
              }
            ],
            "tags": null,
            "timeouts": null
          },
          "sensitive_attributes": [],
          "identity_schema_version": 0,
          "private": "eyJlMmJmYjczMC1lY2FhLTExZTYtOGY4OC0zNDM2M2JjN2M0YzAiOnsiY3JlYXRlIjoxODAwMDAwMDAwMDAwLCJkZWxldGUiOjE4MDAwMDAwMDAwMDAsInJlYWQiOjMwMDAwMDAwMDAwMCwidXBkYXRlIjoxODAwMDAwMDAwMDAwfX0="
        }
      ]
    },
    {
      "mode": "managed",
      "type": "azurerm_public_ip",
      "name": "pip",
      "provider": "provider[\"registry.terraform.io/hashicorp/azurerm\"]",
      "instances": [
        {
          "schema_version": 0,
          "attributes": {
            "allocation_method": "Static",
            "ddos_protection_mode": "VirtualNetworkInherited",
            "ddos_protection_plan_id": null,
            "domain_name_label": null,
            "edge_zone": "",
            "fqdn": null,
            "id": "/subscriptions/349e8c7d-8d0f-4cbc-a6d1-e1b07f539ffd/resourceGroups/trabalho-iac/providers/Microsoft.Network/publicIPAddresses/pip-pratica-vm",
            "idle_timeout_in_minutes": 4,
            "ip_address": "52.252.199.85",
            "ip_tags": null,
            "ip_version": "IPv4",
            "location": "northcentralus",
            "name": "pip-pratica-vm",
            "public_ip_prefix_id": null,
            "resource_group_name": "trabalho-iac",
            "reverse_fqdn": null,
            "sku": "Standard",
            "sku_tier": "Regional",
            "tags": null,
            "timeouts": null,
            "zones": null
          },
          "sensitive_attributes": [],
          "identity_schema_version": 0,
          "private": "eyJlMmJmYjczMC1lY2FhLTExZTYtOGY4OC0zNDM2M2JjN2M0YzAiOnsiY3JlYXRlIjoxODAwMDAwMDAwMDAwLCJkZWxldGUiOjE4MDAwMDAwMDAwMDAsInJlYWQiOjMwMDAwMDAwMDAwMCwidXBkYXRlIjoxODAwMDAwMDAwMDAwfX0="
        }
      ]
    },
    {
      "mode": "managed",
      "type": "azurerm_resource_group",
      "name": "rg",
      "provider": "provider[\"registry.terraform.io/hashicorp/azurerm\"]",
      "instances": [
        {
          "schema_version": 0,
          "attributes": {
            "id": "/subscriptions/349e8c7d-8d0f-4cbc-a6d1-e1b07f539ffd/resourceGroups/trabalho-iac",
            "location": "northcentralus",
            "managed_by": "",
            "name": "trabalho-iac",
            "tags": {},
            "timeouts": null
          },
          "sensitive_attributes": [],
          "identity_schema_version": 0,
          "private": "eyJlMmJmYjczMC1lY2FhLTExZTYtOGY4OC0zNDM2M2JjN2M0YzAiOnsiY3JlYXRlIjo1NDAwMDAwMDAwMDAwLCJkZWxldGUiOjU0MDAwMDAwMDAwMDAsInJlYWQiOjMwMDAwMDAwMDAwMCwidXBkYXRlIjo1NDAwMDAwMDAwMDAwfX0="
        }
      ]
    },
    {
      "mode": "managed",
      "type": "azurerm_subnet",
      "name": "subnet",
      "provider": "provider[\"registry.terraform.io/hashicorp/azurerm\"]",
      "instances": [
        {
          "schema_version": 0,
          "attributes": {
            "address_prefixes": [
              "10.0.1.0/24"
            ],
            "default_outbound_access_enabled": true,
            "delegation": [],
            "enforce_private_link_endpoint_network_policies": false,
            "enforce_private_link_service_network_policies": false,
            "id": "/subscriptions/349e8c7d-8d0f-4cbc-a6d1-e1b07f539ffd/resourceGroups/trabalho-iac/providers/Microsoft.Network/virtualNetworks/vnet-pratica/subnets/subnet-pratica",
            "name": "subnet-pratica",
            "private_endpoint_network_policies": "Enabled",
            "private_endpoint_network_policies_enabled": true,
            "private_link_service_network_policies_enabled": true,
            "resource_group_name": "trabalho-iac",
            "service_endpoint_policy_ids": null,
            "service_endpoints": null,
            "timeouts": null,
            "virtual_network_name": "vnet-pratica"
          },
          "sensitive_attributes": [],
          "identity_schema_version": 0,
          "private": "eyJlMmJmYjczMC1lY2FhLTExZTYtOGY4OC0zNDM2M2JjN2M0YzAiOnsiY3JlYXRlIjoxODAwMDAwMDAwMDAwLCJkZWxldGUiOjE4MDAwMDAwMDAwMDAsInJlYWQiOjMwMDAwMDAwMDAwMCwidXBkYXRlIjoxODAwMDAwMDAwMDAwfX0=",
          "dependencies": [
            "azurerm_virtual_network.vnet"
          ]
        }
      ]
    },
    {
      "mode": "managed",
      "type": "azurerm_virtual_network",
      "name": "vnet",
      "provider": "provider[\"registry.terraform.io/hashicorp/azurerm\"]",
      "instances": [
        {
          "schema_version": 0,
          "attributes": {
            "address_space": [
              "10.0.0.0/16"
            ],
            "bgp_community": "",
            "ddos_protection_plan": [],
            "dns_servers": [],
            "edge_zone": "",
            "encryption": [],
            "flow_timeout_in_minutes": 0,
            "guid": "de2ccb41-d94f-4308-8791-c462499f2f87",
            "id": "/subscriptions/349e8c7d-8d0f-4cbc-a6d1-e1b07f539ffd/resourceGroups/trabalho-iac/providers/Microsoft.Network/virtualNetworks/vnet-pratica",
            "location": "northcentralus",
            "name": "vnet-pratica",
            "resource_group_name": "trabalho-iac",
            "subnet": [],
            "tags": null,
            "timeouts": null
          },
          "sensitive_attributes": [],
          "identity_schema_version": 0,
          "private": "eyJlMmJmYjczMC1lY2FhLTExZTYtOGY4OC0zNDM2M2JjN2M0YzAiOnsiY3JlYXRlIjoxODAwMDAwMDAwMDAwLCJkZWxldGUiOjE4MDAwMDAwMDAwMDAsInJlYWQiOjMwMDAwMDAwMDAwMCwidXBkYXRlIjoxODAwMDAwMDAwMDAwfX0="
        }
      ]
    }
  ],
  "check_results": null
}
